
Microsoft Visual Studio Solution File, Format Version 12.00
# Visual Studio 15
VisualStudioVersion = 15.0.27428.2043
MinimumVisualStudioVersion = 10.0.40219.1
Project("{FAE04EC0-301F-11D3-BF4B-00C04F79EFBC}") = "Items", "Items\Items.csproj", "{3C6044C7-37D8-4566-B312-BC71F7C243CD}"
EndProject
Project("{FAE04EC0-301F-11D3-BF4B-00C04F79EFBC}") = "Player", "Player\Player.csproj", "{059C2F0C-900E-431F-9A6D-E52F24080513}"
EndProject
Project("{FAE04EC0-301F-11D3-BF4B-00C04F79EFBC}") = "Inventory", "Inventory\Inventory.csproj", "{3E23CE30-1290-436C-ADE6-FED0A7FEF826}"
EndProject
Project("{FAE04EC0-301F-11D3-BF4B-00C04F79EFBC}") = "Game", "Console\Game.csproj", "{DC639AAB-6486-411D-8E04-757E8B0A3D7E}"
EndProject
Global
	GlobalSection(SolutionConfigurationPlatforms) = preSolution
		Debug|Any CPU = Debug|Any CPU
		Release|Any CPU = Release|Any CPU
	EndGlobalSection
	GlobalSection(ProjectConfigurationPlatforms) = postSolution
		{3C6044C7-37D8-4566-B312-BC71F7C243CD}.Debug|Any CPU.ActiveCfg = Debug|Any CPU
		{3C6044C7-37D8-4566-B312-BC71F7C243CD}.Debug|Any CPU.Build.0 = Debug|Any CPU
		{3C6044C7-37D8-4566-B312-BC71F7C243CD}.Release|Any CPU.ActiveCfg = Release|Any CPU
		{3C6044C7-37D8-4566-B312-BC71F7C243CD}.Release|Any CPU.Build.0 = Release|Any CPU
		{059C2F0C-900E-431F-9A6D-E52F24080513}.Debug|Any CPU.ActiveCfg = Debug|Any CPU
		{059C2F0C-900E-431F-9A6D-E52F24080513}.Debug|Any CPU.Build.0 = Debug|Any CPU
		{059C2F0C-900E-431F-9A6D-E52F24080513}.Release|Any CPU.ActiveCfg = Release|Any CPU
		{059C2F0C-900E-431F-9A6D-E52F24080513}.Release|Any CPU.Build.0 = Release|Any CPU
		{3E23CE30-1290-436C-ADE6-FED0A7FEF826}.Debug|Any CPU.ActiveCfg = Debug|Any CPU
		{3E23CE30-1290-436C-ADE6-FED0A7FEF826}.Debug|Any CPU.Build.0 = Debug|Any CPU
		{3E23CE30-1290-436C-ADE6-FED0A7FEF826}.Release|Any CPU.ActiveCfg = Release|Any CPU
		{3E23CE30-1290-436C-ADE6-FED0A7FEF826}.Release|Any CPU.Build.0 = Release|Any CPU
		{DC639AAB-6486-411D-8E04-757E8B0A3D7E}.Debug|Any CPU.ActiveCfg = Debug|Any CPU
		{DC639AAB-6486-411D-8E04-757E8B0A3D7E}.Debug|Any CPU.Build.0 = Debug|Any CPU
		{DC639AAB-6486-411D-8E04-757E8B0A3D7E}.Release|Any CPU.ActiveCfg = Release|Any CPU
		{DC639AAB-6486-411D-8E04-757E8B0A3D7E}.Release|Any CPU.Build.0 = Release|Any CPU
	EndGlobalSection
	GlobalSection(SolutionProperties) = preSolution
		HideSolutionNode = FALSE
	EndGlobalSection
	GlobalSection(ExtensibilityGlobals) = postSolution
		SolutionGuid = {1CE3987A-699B-4FAD-B59C-DD80253E2258}
	EndGlobalSection
EndGlobal
